// !$*UTF8*$!
{
	archiveVersion = 1;
	classes = {
	};
	objectVersion = 55;
	objects = {

/* Begin PBXBuildFile section */
		454501C728D499E5003B6C7A /* AppDelegate.swift in Sources */ = {isa = PBXBuildFile; fileRef = 454501C628D499E5003B6C7A /* AppDelegate.swift */; };
		454501C928D499E5003B6C7A /* SceneDelegate.swift in Sources */ = {isa = PBXBuildFile; fileRef = 454501C828D499E5003B6C7A /* SceneDelegate.swift */; };
		454501CB28D499E5003B6C7A /* ViewController.swift in Sources */ = {isa = PBXBuildFile; fileRef = 454501CA28D499E5003B6C7A /* ViewController.swift */; };
		454501CE28D499E5003B6C7A /* Main.storyboard in Resources */ = {isa = PBXBuildFile; fileRef = 454501CC28D499E5003B6C7A /* Main.storyboard */; };
		454501D028D499E8003B6C7A /* Assets.xcassets in Resources */ = {isa = PBXBuildFile; fileRef = 454501CF28D499E8003B6C7A /* Assets.xcassets */; };
		454501D328D499E8003B6C7A /* LaunchScreen.storyboard in Resources */ = {isa = PBXBuildFile; fileRef = 454501D128D499E8003B6C7A /* LaunchScreen.storyboard */; };
		454501DE28D499E8003B6C7A /* NewsAppTests.swift in Sources */ = {isa = PBXBuildFile; fileRef = 454501DD28D499E8003B6C7A /* NewsAppTests.swift */; };
		454501E828D499E8003B6C7A /* NewsAppUITests.swift in Sources */ = {isa = PBXBuildFile; fileRef = 454501E728D499E8003B6C7A /* NewsAppUITests.swift */; };
		454501EA28D499E8003B6C7A /* NewsAppUITestsLaunchTests.swift in Sources */ = {isa = PBXBuildFile; fileRef = 454501E928D499E8003B6C7A /* NewsAppUITestsLaunchTests.swift */; };
		454501F728D49CCD003B6C7A /* News.swift in Sources */ = {isa = PBXBuildFile; fileRef = 454501F628D49CCD003B6C7A /* News.swift */; };
		454501F928D49D70003B6C7A /* NewsCevap.swift in Sources */ = {isa = PBXBuildFile; fileRef = 454501F828D49D70003B6C7A /* NewsCevap.swift */; };
		454501FB28D4A2E2003B6C7A /* TableViewCell.swift in Sources */ = {isa = PBXBuildFile; fileRef = 454501FA28D4A2E2003B6C7A /* TableViewCell.swift */; };
		454501FE28D4AB0F003B6C7A /* SDWebImage in Frameworks */ = {isa = PBXBuildFile; productRef = 454501FD28D4AB0F003B6C7A /* SDWebImage */; };
/* End PBXBuildFile section */

/* Begin PBXContainerItemProxy section */
		454501DA28D499E8003B6C7A /* PBXContainerItemProxy */ = {
			isa = PBXContainerItemProxy;
			containerPortal = 454501BB28D499E5003B6C7A /* Project object */;
			proxyType = 1;
			remoteGlobalIDString = 454501C228D499E5003B6C7A;
			remoteInfo = NewsApp;
		};
		454501E428D499E8003B6C7A /* PBXContainerItemProxy */ = {
			isa = PBXContainerItemProxy;
			containerPortal = 454501BB28D499E5003B6C7A /* Project object */;
			proxyType = 1;
			remoteGlobalIDString = 454501C228D499E5003B6C7A;
			remoteInfo = NewsApp;
		};
/* End PBXContainerItemProxy section */

/* Begin PBXFileReference section */
		454501C328D499E5003B6C7A /* NewsApp.app */ = {isa = PBXFileReference; explicitFileType = wrapper.application; includeInIndex = 0; path = NewsApp.app; sourceTree = BUILT_PRODUCTS_DIR; };
		454501C628D499E5003B6C7A /* AppDelegate.swift */ = {isa = PBXFileReference; lastKnownFileType = sourcecode.swift; path = AppDelegate.swift; sourceTree = "<group>"; };
		454501C828D499E5003B6C7A /* SceneDelegate.swift */ = {isa = PBXFileReference; lastKnownFileType = sourcecode.swift; path = SceneDelegate.swift; sourceTree = "<group>"; };
		454501CA28D499E5003B6C7A /* ViewController.swift */ = {isa = PBXFileReference; lastKnownFileType = sourcecode.swift; path = ViewController.swift; sourceTree = "<group>"; };
		454501CD28D499E5003B6C7A /* Base */ = {isa = PBXFileReference; lastKnownFileType = file.storyboard; name = Base; path = Base.lproj/Main.storyboard; sourceTree = "<group>"; };
		454501CF28D499E8003B6C7A /* Assets.xcassets */ = {isa = PBXFileReference; lastKnownFileType = folder.assetcatalog; path = Assets.xcassets; sourceTree = "<group>"; };
		454501D228D499E8003B6C7A /* Base */ = {isa = PBXFileReference; lastKnownFileType = file.storyboard; name = Base; path = Base.lproj/LaunchScreen.storyboard; sourceTree = "<group>"; };
		454501D428D499E8003B6C7A /* Info.plist */ = {isa = PBXFileReference; lastKnownFileType = text.plist.xml; path = Info.plist; sourceTree = "<group>"; };
		454501D928D499E8003B6C7A /* NewsAppTests.xctest */ = {isa = PBXFileReference; explicitFileType = wrapper.cfbundle; includeInIndex = 0; path = NewsAppTests.xctest; sourceTree = BUILT_PRODUCTS_DIR; };
		454501DD28D499E8003B6C7A /* NewsAppTests.swift */ = {isa = PBXFileReference; lastKnownFileType = sourcecode.swift; path = NewsAppTests.swift; sourceTree = "<group>"; };
		454501E328D499E8003B6C7A /* NewsAppUITests.xctest */ = {isa = PBXFileReference; explicitFileType = wrapper.cfbundle; includeInIndex = 0; path = NewsAppUITests.xctest; sourceTree = BUILT_PRODUCTS_DIR; };
		454501E728D499E8003B6C7A /* NewsAppUITests.swift */ = {isa = PBXFileReference; lastKnownFileType = sourcecode.swift; path = NewsAppUITests.swift; sourceTree = "<group>"; };
		454501E928D499E8003B6C7A /* NewsAppUITestsLaunchTests.swift */ = {isa = PBXFileReference; lastKnownFileType = sourcecode.swift; path = NewsAppUITestsLaunchTests.swift; sourceTree = "<group>"; };
		454501F628D49CCD003B6C7A /* News.swift */ = {isa = PBXFileReference; lastKnownFileType = sourcecode.swift; path = News.swift; sourceTree = "<group>"; };
		454501F828D49D70003B6C7A /* NewsCevap.swift */ = {isa = PBXFileReference; lastKnownFileType = sourcecode.swift; path = NewsCevap.swift; sourceTree = "<group>"; };
		454501FA28D4A2E2003B6C7A /* TableViewCell.swift */ = {isa = PBXFileReference; lastKnownFileType = sourcecode.swift; path = TableViewCell.swift; sourceTree = "<group>"; };
/* End PBXFileReference section */

/* Begin PBXFrameworksBuildPhase section */
		454501C028D499E5003B6C7A /* Frameworks */ = {
			isa = PBXFrameworksBuildPhase;
			buildActionMask = 2147483647;
			files = (
				454501FE28D4AB0F003B6C7A /* SDWebImage in Frameworks */,
			);
			runOnlyForDeploymentPostprocessing = 0;
		};
		454501D628D499E8003B6C7A /* Frameworks */ = {
			isa = PBXFrameworksBuildPhase;
			buildActionMask = 2147483647;
			files = (
			);
			runOnlyForDeploymentPostprocessing = 0;
		};
		454501E028D499E8003B6C7A /* Frameworks */ = {
			isa = PBXFrameworksBuildPhase;
			buildActionMask = 2147483647;
			files = (
			);
			runOnlyForDeploymentPostprocessing = 0;
		};
/* End PBXFrameworksBuildPhase section */

/* Begin PBXGroup section */
		454501BA28D499E5003B6C7A = {
			isa = PBXGroup;
			children = (
				454501C528D499E5003B6C7A /* NewsApp */,
				454501DC28D499E8003B6C7A /* NewsAppTests */,
				454501E628D499E8003B6C7A /* NewsAppUITests */,
				454501C428D499E5003B6C7A /* Products */,
			);
			sourceTree = "<group>";
		};
		454501C428D499E5003B6C7A /* Products */ = {
			isa = PBXGroup;
			children = (
				454501C328D499E5003B6C7A /* NewsApp.app */,
				454501D928D499E8003B6C7A /* NewsAppTests.xctest */,
				454501E328D499E8003B6C7A /* NewsAppUITests.xctest */,
			);
			name = Products;
			sourceTree = "<group>";
		};
		454501C528D499E5003B6C7A /* NewsApp */ = {
			isa = PBXGroup;
			children = (
				454501C628D499E5003B6C7A /* AppDelegate.swift */,
				454501C828D499E5003B6C7A /* SceneDelegate.swift */,
				454501CA28D499E5003B6C7A /* ViewController.swift */,
				454501CC28D499E5003B6C7A /* Main.storyboard */,
				454501CF28D499E8003B6C7A /* Assets.xcassets */,
				454501D128D499E8003B6C7A /* LaunchScreen.storyboard */,
				454501D428D499E8003B6C7A /* Info.plist */,
				454501F628D49CCD003B6C7A /* News.swift */,
				454501F828D49D70003B6C7A /* NewsCevap.swift */,
				454501FA28D4A2E2003B6C7A /* TableViewCell.swift */,
			);
			path = NewsApp;
			sourceTree = "<group>";
		};
		454501DC28D499E8003B6C7A /* NewsAppTests */ = {
			isa = PBXGroup;
			children = (
				454501DD28D499E8003B6C7A /* NewsAppTests.swift */,
			);
			path = NewsAppTests;
			sourceTree = "<group>";
		};
		454501E628D499E8003B6C7A /* NewsAppUITests */ = {
			isa = PBXGroup;
			children = (
				454501E728D499E8003B6C7A /* NewsAppUITests.swift */,
				454501E928D499E8003B6C7A /* NewsAppUITestsLaunchTests.swift */,
			);
			path = NewsAppUITests;
			sourceTree = "<group>";
		};
/* End PBXGroup section */

/* Begin PBXNativeTarget section */
		454501C228D499E5003B6C7A /* NewsApp */ = {
			isa = PBXNativeTarget;
			buildConfigurationList = 454501ED28D499E8003B6C7A /* Build configuration list for PBXNativeTarget "NewsApp" */;
			buildPhases = (
				454501BF28D499E5003B6C7A /* Sources */,
				454501C028D499E5003B6C7A /* Frameworks */,
				454501C128D499E5003B6C7A /* Resources */,
			);
			buildRules = (
			);
			dependencies = (
			);
			name = NewsApp;
			packageProductDependencies = (
				454501FD28D4AB0F003B6C7A /* SDWebImage */,
			);
			productName = NewsApp;
			productReference = 454501C328D499E5003B6C7A /* NewsApp.app */;
			productType = "com.apple.product-type.application";
		};
		454501D828D499E8003B6C7A /* NewsAppTests */ = {
			isa = PBXNativeTarget;
			buildConfigurationList = 454501F028D499E8003B6C7A /* Build configuration list for PBXNativeTarget "NewsAppTests" */;
			buildPhases = (
				454501D528D499E8003B6C7A /* Sources */,
				454501D628D499E8003B6C7A /* Frameworks */,
				454501D728D499E8003B6C7A /* Resources */,
			);
			buildRules = (
			);
			dependencies = (
				454501DB28D499E8003B6C7A /* PBXTargetDependency */,
			);
			name = NewsAppTests;
			productName = NewsAppTests;
			productReference = 454501D928D499E8003B6C7A /* NewsAppTests.xctest */;
			productType = "com.apple.product-type.bundle.unit-test";
		};
		454501E228D499E8003B6C7A /* NewsAppUITests */ = {
			isa = PBXNativeTarget;
			buildConfigurationList = 454501F328D499E8003B6C7A /* Build configuration list for PBXNativeTarget "NewsAppUITests" */;
			buildPhases = (
				454501DF28D499E8003B6C7A /* Sources */,
				454501E028D499E8003B6C7A /* Frameworks */,
				454501E128D499E8003B6C7A /* Resources */,
			);
			buildRules = (
			);
			dependencies = (
				454501E528D499E8003B6C7A /* PBXTargetDependency */,
			);
			name = NewsAppUITests;
			productName = NewsAppUITests;
			productReference = 454501E328D499E8003B6C7A /* NewsAppUITests.xctest */;
			productType = "com.apple.product-type.bundle.ui-testing";
		};
/* End PBXNativeTarget section */

/* Begin PBXProject section */
		454501BB28D499E5003B6C7A /* Project object */ = {
			isa = PBXProject;
			attributes = {
				BuildIndependentTargetsInParallel = 1;
				LastSwiftUpdateCheck = 1340;
				LastUpgradeCheck = 1340;
				TargetAttributes = {
					454501C228D499E5003B6C7A = {
						CreatedOnToolsVersion = 13.4.1;
					};
					454501D828D499E8003B6C7A = {
						CreatedOnToolsVersion = 13.4.1;
						TestTargetID = 454501C228D499E5003B6C7A;
					};
					454501E228D499E8003B6C7A = {
						CreatedOnToolsVersion = 13.4.1;
						TestTargetID = 454501C228D499E5003B6C7A;
					};
				};
			};
			buildConfigurationList = 454501BE28D499E5003B6C7A /* Build configuration list for PBXProject "NewsApp" */;
			compatibilityVersion = "Xcode 13.0";
			developmentRegion = en;
			hasScannedForEncodings = 0;
			knownRegions = (
				en,
				Base,
			);
			mainGroup = 454501BA28D499E5003B6C7A;
			packageReferences = (
				454501FC28D4AB0F003B6C7A /* XCRemoteSwiftPackageReference "SDWebImage" */,
			);
			productRefGroup = 454501C428D499E5003B6C7A /* Products */;
			projectDirPath = "";
			projectRoot = "";
			targets = (
				454501C228D499E5003B6C7A /* NewsApp */,
				454501D828D499E8003B6C7A /* NewsAppTests */,
				454501E228D499E8003B6C7A /* NewsAppUITests */,
			);
		};
/* End PBXProject section */

/* Begin PBXResourcesBuildPhase section */
		454501C128D499E5003B6C7A /* Resources */ = {
			isa = PBXResourcesBuildPhase;
			buildActionMask = 2147483647;
			files = (
				454501D328D499E8003B6C7A /* LaunchScreen.storyboard in Resources */,
				454501D028D499E8003B6C7A /* Assets.xcassets in Resources */,
				454501CE28D499E5003B6C7A /* Main.storyboard in Resources */,
			);
			runOnlyForDeploymentPostprocessing = 0;
		};
		454501D728D499E8003B6C7A /* Resources */ = {
			isa = PBXResourcesBuildPhase;
			buildActionMask = 2147483647;
			files = (
			);
			runOnlyForDeploymentPostprocessing = 0;
		};
		454501E128D499E8003B6C7A /* Resources */ = {
			isa = PBXResourcesBuildPhase;
			buildActionMask = 2147483647;
			files = (
			);
			runOnlyForDeploymentPostprocessing = 0;
		};
/* End PBXResourcesBuildPhase section */

/* Begin PBXSourcesBuildPhase section */
		454501BF28D499E5003B6C7A /* Sources */ = {
			isa = PBXSourcesBuildPhase;
			buildActionMask = 2147483647;
			files = (
				454501F928D49D70003B6C7A /* NewsCevap.swift in Sources */,
				454501CB28D499E5003B6C7A /* ViewController.swift in Sources */,
				454501C728D499E5003B6C7A /* AppDelegate.swift in Sources */,
				454501FB28D4A2E2003B6C7A /* TableViewCell.swift in Sources */,
				454501F728D49CCD003B6C7A /* News.swift in Sources */,
				454501C928D499E5003B6C7A /* SceneDelegate.swift in Sources */,
			);
			runOnlyForDeploymentPostprocessing = 0;
		};
		454501D528D499E8003B6C7A /* Sources */ = {
			isa = PBXSourcesBuildPhase;
			buildActionMask = 2147483647;
			files = (
				454501DE28D499E8003B6C7A /* NewsAppTests.swift in Sources */,
			);
			runOnlyForDeploymentPostprocessing = 0;
		};
		454501DF28D499E8003B6C7A /* Sources */ = {
			isa = PBXSourcesBuildPhase;
			buildActionMask = 2147483647;
			files = (
				454501E828D499E8003B6C7A /* NewsAppUITests.swift in Sources */,
				454501EA28D499E8003B6C7A /* NewsAppUITestsLaunchTests.swift in Sources */,
			);
			runOnlyForDeploymentPostprocessing = 0;
		};
/* End PBXSourcesBuildPhase section */

/* Begin PBXTargetDependency section */
		454501DB28D499E8003B6C7A /* PBXTargetDependency */ = {
			isa = PBXTargetDependency;
			target = 454501C228D499E5003B6C7A /* NewsApp */;
			targetProxy = 454501DA28D499E8003B6C7A /* PBXContainerItemProxy */;
		};
		454501E528D499E8003B6C7A /* PBXTargetDependency */ = {
			isa = PBXTargetDependency;
			target = 454501C228D499E5003B6C7A /* NewsApp */;
			targetProxy = 454501E428D499E8003B6C7A /* PBXContainerItemProxy */;
		};
/* End PBXTargetDependency section */

/* Begin PBXVariantGroup section */
		454501CC28D499E5003B6C7A /* Main.storyboard */ = {
			isa = PBXVariantGroup;
			children = (
				454501CD28D499E5003B6C7A /* Base */,
			);
			name = Main.storyboard;
			sourceTree = "<group>";
		};
		454501D128D499E8003B6C7A /* LaunchScreen.storyboard */ = {
			isa = PBXVariantGroup;
			children = (
				454501D228D499E8003B6C7A /* Base */,
			);
			name = LaunchScreen.storyboard;
			sourceTree = "<group>";
		};
/* End PBXVariantGroup section */

/* Begin XCBuildConfiguration section */
		454501EB28D499E8003B6C7A /* Debug */ = {
			isa = XCBuildConfiguration;
			buildSettings = {
				ALWAYS_SEARCH_USER_PATHS = NO;
				CLANG_ANALYZER_NONNULL = YES;
				CLANG_ANALYZER_NUMBER_OBJECT_CONVERSION = YES_AGGRESSIVE;
				CLANG_CXX_LANGUAGE_STANDARD = "gnu++17";
				CLANG_ENABLE_MODULES = YES;
				CLANG_ENABLE_OBJC_ARC = YES;
				CLANG_ENABLE_OBJC_WEAK = YES;
				CLANG_WARN_BLOCK_CAPTURE_AUTORELEASING = YES;
				CLANG_WARN_BOOL_CONVERSION = YES;
				CLANG_WARN_COMMA = YES;
				CLANG_WARN_CONSTANT_CONVERSION = YES;
				CLANG_WARN_DEPRECATED_OBJC_IMPLEMENTATIONS = YES;
				CLANG_WARN_DIRECT_OBJC_ISA_USAGE = YES_ERROR;
				CLANG_WARN_DOCUMENTATION_COMMENTS = YES;
				CLANG_WARN_EMPTY_BODY = YES;
				CLANG_WARN_ENUM_CONVERSION = YES;
				CLANG_WARN_INFINITE_RECURSION = YES;
				CLANG_WARN_INT_CONVERSION = YES;
				CLANG_WARN_NON_LITERAL_NULL_CONVERSION = YES;
				CLANG_WARN_OBJC_IMPLICIT_RETAIN_SELF = YES;
				CLANG_WARN_OBJC_LITERAL_CONVERSION = YES;
				CLANG_WARN_OBJC_ROOT_CLASS = YES_ERROR;
				CLANG_WARN_QUOTED_INCLUDE_IN_FRAMEWORK_HEADER = YES;
				CLANG_WARN_RANGE_LOOP_ANALYSIS = YES;
				CLANG_WARN_STRICT_PROTOTYPES = YES;
				CLANG_WARN_SUSPICIOUS_MOVE = YES;
				CLANG_WARN_UNGUARDED_AVAILABILITY = YES_AGGRESSIVE;
				CLANG_WARN_UNREACHABLE_CODE = YES;
				CLANG_WARN__DUPLICATE_METHOD_MATCH = YES;
				COPY_PHASE_STRIP = NO;
				DEBUG_INFORMATION_FORMAT = dwarf;
				ENABLE_STRICT_OBJC_MSGSEND = YES;
				ENABLE_TESTABILITY = YES;
				GCC_C_LANGUAGE_STANDARD = gnu11;
				GCC_DYNAMIC_NO_PIC = NO;
				GCC_NO_COMMON_BLOCKS = YES;
				GCC_OPTIMIZATION_LEVEL = 0;
				GCC_PREPROCESSOR_DEFINITIONS = (
					"DEBUG=1",
					"$(inherited)",
				);
				GCC_WARN_64_TO_32_BIT_CONVERSION = YES;
				GCC_WARN_ABOUT_RETURN_TYPE = YES_ERROR;
				GCC_WARN_UNDECLARED_SELECTOR = YES;
				GCC_WARN_UNINITIALIZED_AUTOS = YES_AGGRESSIVE;
				GCC_WARN_UNUSED_FUNCTION = YES;
				GCC_WARN_UNUSED_VARIABLE = YES;
				IPHONEOS_DEPLOYMENT_TARGET = 15.5;
				MTL_ENABLE_DEBUG_INFO = INCLUDE_SOURCE;
				MTL_FAST_MATH = YES;
				ONLY_ACTIVE_ARCH = YES;
				SDKROOT = iphoneos;
				SWIFT_ACTIVE_COMPILATION_CONDITIONS = DEBUG;
				SWIFT_OPTIMIZATION_LEVEL = "-Onone";
			};
			name = Debug;
		};
		454501EC28D499E8003B6C7A /* Release */ = {
			isa = XCBuildConfiguration;
			buildSettings = {
				ALWAYS_SEARCH_USER_PATHS = NO;
				CLANG_ANALYZER_NONNULL = YES;
				CLANG_ANALYZER_NUMBER_OBJECT_CONVERSION = YES_AGGRESSIVE;
				CLANG_CXX_LANGUAGE_STANDARD = "gnu++17";
				CLANG_ENABLE_MODULES = YES;
				CLANG_ENABLE_OBJC_ARC = YES;
				CLANG_ENABLE_OBJC_WEAK = YES;
				CLANG_WARN_BLOCK_CAPTURE_AUTORELEASING = YES;
				CLANG_WARN_BOOL_CONVERSION = YES;
				CLANG_WARN_COMMA = YES;
				CLANG_WARN_CONSTANT_CONVERSION = YES;
				CLANG_WARN_DEPRECATED_OBJC_IMPLEMENTATIONS = YES;
				CLANG_WARN_DIRECT_OBJC_ISA_USAGE = YES_ERROR;
				CLANG_WARN_DOCUMENTATION_COMMENTS = YES;
				CLANG_WARN_EMPTY_BODY = YES;
				CLANG_WARN_ENUM_CONVERSION = YES;
				CLANG_WARN_INFINITE_RECURSION = YES;
				CLANG_WARN_INT_CONVERSION = YES;
				CLANG_WARN_NON_LITERAL_NULL_CONVERSION = YES;
				CLANG_WARN_OBJC_IMPLICIT_RETAIN_SELF = YES;
				CLANG_WARN_OBJC_LITERAL_CONVERSION = YES;
				CLANG_WARN_OBJC_ROOT_CLASS = YES_ERROR;
				CLANG_WARN_QUOTED_INCLUDE_IN_FRAMEWORK_HEADER = YES;
				CLANG_WARN_RANGE_LOOP_ANALYSIS = YES;
				CLANG_WARN_STRICT_PROTOTYPES = YES;
				CLANG_WARN_SUSPICIOUS_MOVE = YES;
				CLANG_WARN_UNGUARDED_AVAILABILITY = YES_AGGRESSIVE;
				CLANG_WARN_UNREACHABLE_CODE = YES;
				CLANG_WARN__DUPLICATE_METHOD_MATCH = YES;
				COPY_PHASE_STRIP = NO;
				DEBUG_INFORMATION_FORMAT = "dwarf-with-dsym";
				ENABLE_NS_ASSERTIONS = NO;
				ENABLE_STRICT_OBJC_MSGSEND = YES;
				GCC_C_LANGUAGE_STANDARD = gnu11;
				GCC_NO_COMMON_BLOCKS = YES;
				GCC_WARN_64_TO_32_BIT_CONVERSION = YES;
				GCC_WARN_ABOUT_RETURN_TYPE = YES_ERROR;
				GCC_WARN_UNDECLARED_SELECTOR = YES;
				GCC_WARN_UNINITIALIZED_AUTOS = YES_AGGRESSIVE;
				GCC_WARN_UNUSED_FUNCTION = YES;
				GCC_WARN_UNUSED_VARIABLE = YES;
				IPHONEOS_DEPLOYMENT_TARGET = 15.5;
				MTL_ENABLE_DEBUG_INFO = NO;
				MTL_FAST_MATH = YES;
				SDKROOT = iphoneos;
				SWIFT_COMPILATION_MODE = wholemodule;
				SWIFT_OPTIMIZATION_LEVEL = "-O";
				VALIDATE_PRODUCT = YES;
			};
			name = Release;
		};
		454501EE28D499E8003B6C7A /* Debug */ = {
			isa = XCBuildConfiguration;
			buildSettings = {
				ASSETCATALOG_COMPILER_APPICON_NAME = AppIcon;
				ASSETCATALOG_COMPILER_GLOBAL_ACCENT_COLOR_NAME = AccentColor;
				CODE_SIGN_STYLE = Automatic;
				CURRENT_PROJECT_VERSION = 1;
				DEVELOPMENT_TEAM = Y457UX6652;
				GENERATE_INFOPLIST_FILE = YES;
				INFOPLIST_FILE = NewsApp/Info.plist;
				INFOPLIST_KEY_UIApplicationSupportsIndirectInputEvents = YES;
				INFOPLIST_KEY_UILaunchStoryboardName = LaunchScreen;
				INFOPLIST_KEY_UIMainStoryboardFile = Main;
				INFOPLIST_KEY_UISupportedInterfaceOrientations_iPad = "UIInterfaceOrientationPortrait UIInterfaceOrientationPortraitUpsideDown UIInterfaceOrientationLandscapeLeft UIInterfaceOrientationLandscapeRight";
				INFOPLIST_KEY_UISupportedInterfaceOrientations_iPhone = "UIInterfaceOrientationPortrait UIInterfaceOrientationLandscapeLeft UIInterfaceOrientationLandscapeRight";
				LD_RUNPATH_SEARCH_PATHS = (
					"$(inherited)",
					"@executable_path/Frameworks",
				);
				MARKETING_VERSION = 1.0;
				PRODUCT_BUNDLE_IDENTIFIER = furkanc.NewsApp;
				PRODUCT_NAME = "$(TARGET_NAME)";
				SWIFT_EMIT_LOC_STRINGS = YES;
				SWIFT_VERSION = 5.0;
				TARGETED_DEVICE_FAMILY = "1,2";
			};
			name = Debug;
		};
		454501EF28D499E8003B6C7A /* Release */ = {
			isa = XCBuildConfiguration;
			buildSettings = {
				ASSETCATALOG_COMPILER_APPICON_NAME = AppIcon;
				ASSETCATALOG_COMPILER_GLOBAL_ACCENT_COLOR_NAME = AccentColor;
				CODE_SIGN_STYLE = Automatic;
				CURRENT_PROJECT_VERSION = 1;
				DEVELOPMENT_TEAM = Y457UX6652;
				GENERATE_INFOPLIST_FILE = YES;
				INFOPLIST_FILE = NewsApp/Info.plist;
				INFOPLIST_KEY_UIApplicationSupportsIndirectInputEvents = YES;
				INFOPLIST_KEY_UILaunchStoryboardName = LaunchScreen;
				INFOPLIST_KEY_UIMainStoryboardFile = Main;
				INFOPLIST_KEY_UISupportedInterfaceOrientations_iPad = "UIInterfaceOrientationPortrait UIInterfaceOrientationPortraitUpsideDown UIInterfaceOrientationLandscapeLeft UIInterfaceOrientationLandscapeRight";
				INFOPLIST_KEY_UISupportedInterfaceOrientations_iPhone = "UIInterfaceOrientationPortrait UIInterfaceOrientationLandscapeLeft UIInterfaceOrientationLandscapeRight";
				LD_RUNPATH_SEARCH_PATHS = (
					"$(inherited)",
					"@executable_path/Frameworks",
				);
				MARKETING_VERSION = 1.0;
				PRODUCT_BUNDLE_IDENTIFIER = furkanc.NewsApp;
				PRODUCT_NAME = "$(TARGET_NAME)";
				SWIFT_EMIT_LOC_STRINGS = YES;
				SWIFT_VERSION = 5.0;
				TARGETED_DEVICE_FAMILY = "1,2";
			};
			name = Release;
		};
		454501F128D499E8003B6C7A /* Debug */ = {
			isa = XCBuildConfiguration;
			buildSettings = {
				ALWAYS_EMBED_SWIFT_STANDARD_LIBRARIES = YES;
				BUNDLE_LOADER = "$(TEST_HOST)";
				CODE_SIGN_STYLE = Automatic;
				CURRENT_PROJECT_VERSION = 1;
				GENERATE_INFOPLIST_FILE = YES;
				IPHONEOS_DEPLOYMENT_TARGET = 15.5;
				MARKETING_VERSION = 1.0;
				PRODUCT_BUNDLE_IDENTIFIER = furkanc.NewsAppTests;
				PRODUCT_NAME = "$(TARGET_NAME)";
				SWIFT_EMIT_LOC_STRINGS = NO;
				SWIFT_VERSION = 5.0;
				TARGETED_DEVICE_FAMILY = "1,2";
				TEST_HOST = "$(BUILT_PRODUCTS_DIR)/NewsApp.app/NewsApp";
			};
			name = Debug;
		};
		454501F228D499E8003B6C7A /* Release */ = {
			isa = XCBuildConfiguration;
			buildSettings = {
				ALWAYS_EMBED_SWIFT_STANDARD_LIBRARIES = YES;
				BUNDLE_LOADER = "$(TEST_HOST)";
				CODE_SIGN_STYLE = Automatic;
				CURRENT_PROJECT_VERSION = 1;
				GENERATE_INFOPLIST_FILE = YES;
				IPHONEOS_DEPLOYMENT_TARGET = 15.5;
				MARKETING_VERSION = 1.0;
				PRODUCT_BUNDLE_IDENTIFIER = furkanc.NewsAppTests;
				PRODUCT_NAME = "$(TARGET_NAME)";
				SWIFT_EMIT_LOC_STRINGS = NO;
				SWIFT_VERSION = 5.0;
				TARGETED_DEVICE_FAMILY = "1,2";
				TEST_HOST = "$(BUILT_PRODUCTS_DIR)/NewsApp.app/NewsApp";
			};
			name = Release;
		};
		454501F428D499E8003B6C7A /* Debug */ = {
			isa = XCBuildConfiguration;
			buildSettings = {
				ALWAYS_EMBED_SWIFT_STANDARD_LIBRARIES = YES;
				CODE_SIGN_STYLE = Automatic;
				CURRENT_PROJECT_VERSION = 1;
				GENERATE_INFOPLIST_FILE = YES;
				MARKETING_VERSION = 1.0;
				PRODUCT_BUNDLE_IDENTIFIER = furkanc.NewsAppUITests;
				PRODUCT_NAME = "$(TARGET_NAME)";
				SWIFT_EMIT_LOC_STRINGS = NO;
				SWIFT_VERSION = 5.0;
				TARGETED_DEVICE_FAMILY = "1,2";
				TEST_TARGET_NAME = NewsApp;
			};
			name = Debug;
		};
		454501F528D499E8003B6C7A /* Release */ = {
			isa = XCBuildConfiguration;
			buildSettings = {
				ALWAYS_EMBED_SWIFT_STANDARD_LIBRARIES = YES;
				CODE_SIGN_STYLE = Automatic;
				CURRENT_PROJECT_VERSION = 1;
				GENERATE_INFOPLIST_FILE = YES;
				MARKETING_VERSION = 1.0;
				PRODUCT_BUNDLE_IDENTIFIER = furkanc.NewsAppUITests;
				PRODUCT_NAME = "$(TARGET_NAME)";
				SWIFT_EMIT_LOC_STRINGS = NO;
				SWIFT_VERSION = 5.0;
				TARGETED_DEVICE_FAMILY = "1,2";
				TEST_TARGET_NAME = NewsApp;
			};
			name = Release;
		};
/* End XCBuildConfiguration section */

/* Begin XCConfigurationList section */
		454501BE28D499E5003B6C7A /* Build configuration list for PBXProject "NewsApp" */ = {
			isa = XCConfigurationList;
			buildConfigurations = (
				454501EB28D499E8003B6C7A /* Debug */,
				454501EC28D499E8003B6C7A /* Release */,
			);
			defaultConfigurationIsVisible = 0;
			defaultConfigurationName = Release;
		};
		454501ED28D499E8003B6C7A /* Build configuration list for PBXNativeTarget "NewsApp" */ = {
			isa = XCConfigurationList;
			buildConfigurations = (
				454501EE28D499E8003B6C7A /* Debug */,
				454501EF28D499E8003B6C7A /* Release */,
			);
			defaultConfigurationIsVisible = 0;
			defaultConfigurationName = Release;
		};
		454501F028D499E8003B6C7A /* Build configuration list for PBXNativeTarget "NewsAppTests" */ = {
			isa = XCConfigurationList;
			buildConfigurations = (
				454501F128D499E8003B6C7A /* Debug */,
				454501F228D499E8003B6C7A /* Release */,
			);
			defaultConfigurationIsVisible = 0;
			defaultConfigurationName = Release;
		};
		454501F328D499E8003B6C7A /* Build configuration list for PBXNativeTarget "NewsAppUITests" */ = {
			isa = XCConfigurationList;
			buildConfigurations = (
				454501F428D499E8003B6C7A /* Debug */,
				454501F528D499E8003B6C7A /* Release */,
			);
			defaultConfigurationIsVisible = 0;
			defaultConfigurationName = Release;
		};
/* End XCConfigurationList section */

/* Begin XCRemoteSwiftPackageReference section */
		454501FC28D4AB0F003B6C7A /* XCRemoteSwiftPackageReference "SDWebImage" */ = {
			isa = XCRemoteSwiftPackageReference;
			repositoryURL = "https://github.com/SDWebImage/SDWebImage.git";
			requirement = {
				kind = upToNextMajorVersion;
				minimumVersion = 5.0.0;
			};
		};
/* End XCRemoteSwiftPackageReference section */

/* Begin XCSwiftPackageProductDependency section */
		454501FD28D4AB0F003B6C7A /* SDWebImage */ = {
			isa = XCSwiftPackageProductDependency;
			package = 454501FC28D4AB0F003B6C7A /* XCRemoteSwiftPackageReference "SDWebImage" */;
			productName = SDWebImage;
		};
/* End XCSwiftPackageProductDependency section */
	};
	rootObject = 454501BB28D499E5003B6C7A /* Project object */;
}
